{
	"name": "gd-games-database",
	"version": "1.3.3",
	"lockfileVersion": 2,
	"requires": true,
	"packages": {
		"": {
			"name": "gd-games-database",
			"version": "1.3.3",
			"license": "CC0-1.0",
			"dependencies": {
				"json-min-max": "1.0.0",
				"jsonlint": "1.6.3"
			}
		},
		"node_modules/ansi-styles": {
			"version": "1.0.0",
			"resolved": "https://registry.npmjs.org/ansi-styles/-/ansi-styles-1.0.0.tgz",
			"integrity": "sha1-yxAt8cVvUSPquLZ817mAJ6AnkXg=",
			"engines": {
				"node": ">=0.8.0"
			}
		},
		"node_modules/chalk": {
			"version": "0.4.0",
			"resolved": "https://registry.npmjs.org/chalk/-/chalk-0.4.0.tgz",
			"integrity": "sha1-UZmj3c0MHv4jvAjBsCewYXbgxk8=",
			"dependencies": {
				"ansi-styles": "~1.0.0",
				"has-color": "~0.1.0",
				"strip-ansi": "~0.1.0"
			},
			"engines": {
				"node": ">=0.8.0"
			}
		},
		"node_modules/chalk/node_modules/strip-ansi": {
			"version": "0.1.1",
			"resolved": "https://registry.npmjs.org/strip-ansi/-/strip-ansi-0.1.1.tgz",
			"integrity": "sha1-OeipjQRNFQZgq+SmgIrPcLt7yZE=",
			"bin": {
				"strip-ansi": "cli.js"
			},
			"engines": {
				"node": ">=0.8.0"
			}
		},
		"node_modules/has-color": {
			"version": "0.1.7",
			"resolved": "https://registry.npmjs.org/has-color/-/has-color-0.1.7.tgz",
			"integrity": "sha1-ZxRKUmDDT8PMpnfQQdr1L+e3iy8=",
			"engines": {
				"node": ">=0.10.0"
			}
		},
		"node_modules/json-min-max": {
			"version": "1.0.0",
			"resolved": "https://registry.npmjs.org/json-min-max/-/json-min-max-1.0.0.tgz",
			"integrity": "sha512-0HN0I7P9ZXRls4uHXRHI2whxiLKzBArHYO7w2WrrpIlPw/rsCRCsc9H7ILDGMqdY/7SsG3R3Wwy2MMvRTiu1lA=="
		},
		"node_modules/jsonlint": {
			"version": "1.6.3",
			"resolved": "https://registry.npmjs.org/jsonlint/-/jsonlint-1.6.3.tgz",
			"integrity": "sha512-jMVTMzP+7gU/IyC6hvKyWpUU8tmTkK5b3BPNuMI9U8Sit+YAWLlZwB6Y6YrdCxfg2kNz05p3XY3Bmm4m26Nv3A==",
			"dependencies": {
				"JSV": "^4.0.x",
				"nomnom": "^1.5.x"
			},
			"bin": {
				"jsonlint": "lib/cli.js"
			},
			"engines": {
				"node": ">= 0.6"
			}
		},
		"node_modules/JSV": {
			"version": "4.0.2",
			"resolved": "https://registry.npmjs.org/JSV/-/JSV-4.0.2.tgz",
			"integrity": "sha1-0Hf2glVx+CEy+d/67Vh7QCn+/1c=",
			"engines": {
				"node": "*"
			}
		},
		"node_modules/nomnom": {
			"version": "1.8.1",
			"resolved": "https://registry.npmjs.org/nomnom/-/nomnom-1.8.1.tgz",
			"integrity": "sha1-IVH3Ikcrp55Qp2/BJbuMjy5Nwqc=",
			"deprecated": "Package no longer supported. Contact support@npmjs.com for more info.",
			"dependencies": {
				"chalk": "~0.4.0",
				"underscore": "~1.6.0"
			}
		},
		"node_modules/underscore": {
			"version": "1.6.0",
			"resolved": "https://registry.npmjs.org/underscore/-/underscore-1.6.0.tgz",
			"integrity": "sha1-izixDKze9jM3uLJOT/htRa6lKag="
		}
	},
	"dependencies": {
		"ansi-styles": {
			"version": "1.0.0",
			"resolved": "https://registry.npmjs.org/ansi-styles/-/ansi-styles-1.0.0.tgz",
			"integrity": "sha1-yxAt8cVvUSPquLZ817mAJ6AnkXg="
		},
		"chalk": {
			"version": "0.4.0",
			"resolved": "https://registry.npmjs.org/chalk/-/chalk-0.4.0.tgz",
			"integrity": "sha1-UZmj3c0MHv4jvAjBsCewYXbgxk8=",
			"requires": {
				"ansi-styles": "~1.0.0",
				"has-color": "~0.1.0",
				"strip-ansi": "~0.1.0"
			},
			"dependencies": {
				"strip-ansi": {
					"version": "0.1.1",
					"resolved": "https://registry.npmjs.org/strip-ansi/-/strip-ansi-0.1.1.tgz",
					"integrity": "sha1-OeipjQRNFQZgq+SmgIrPcLt7yZE="
				}
			}
		},
		"has-color": {
			"version": "0.1.7",
			"resolved": "https://registry.npmjs.org/has-color/-/has-color-0.1.7.tgz",
			"integrity": "sha1-ZxRKUmDDT8PMpnfQQdr1L+e3iy8="
		},
		"json-min-max": {
			"version": "1.0.0",
			"resolved": "https://registry.npmjs.org/json-min-max/-/json-min-max-1.0.0.tgz",
			"integrity": "sha512-0HN0I7P9ZXRls4uHXRHI2whxiLKzBArHYO7w2WrrpIlPw/rsCRCsc9H7ILDGMqdY/7SsG3R3Wwy2MMvRTiu1lA=="
		},
		"jsonlint": {
			"version": "1.6.3",
			"resolved": "https://registry.npmjs.org/jsonlint/-/jsonlint-1.6.3.tgz",
			"integrity": "sha512-jMVTMzP+7gU/IyC6hvKyWpUU8tmTkK5b3BPNuMI9U8Sit+YAWLlZwB6Y6YrdCxfg2kNz05p3XY3Bmm4m26Nv3A==",
			"requires": {
				"JSV": "^4.0.x",
				"nomnom": "^1.5.x"
			}
		},
		"JSV": {
			"version": "4.0.2",
			"resolved": "https://registry.npmjs.org/JSV/-/JSV-4.0.2.tgz",
			"integrity": "sha1-0Hf2glVx+CEy+d/67Vh7QCn+/1c="
		},
		"nomnom": {
			"version": "1.8.1",
			"resolved": "https://registry.npmjs.org/nomnom/-/nomnom-1.8.1.tgz",
			"integrity": "sha1-IVH3Ikcrp55Qp2/BJbuMjy5Nwqc=",
			"requires": {
				"chalk": "~0.4.0",
				"underscore": "~1.6.0"
			}
		},
		"underscore": {
			"version": "1.6.0",
			"resolved": "https://registry.npmjs.org/underscore/-/underscore-1.6.0.tgz",
			"integrity": "sha1-izixDKze9jM3uLJOT/htRa6lKag="
		}
	}
}
